
Microsoft Visual Studio Solution File, Format Version 12.00
# Visual Studio 15
VisualStudioVersion = 15.0.27703.2042
MinimumVisualStudioVersion = 10.0.40219.1
Project("{FAE04EC0-301F-11D3-BF4B-00C04F79EFBC}") = "IMH - MANIPULADOR", "IMH - MANIPULADOR\IMH - MANIPULADOR.csproj", "{480E4053-BD34-4BEE-8197-C343276DF074}"
EndProject
Global
	GlobalSection(SolutionConfigurationPlatforms) = preSolution
		Debug|Any CPU = Debug|Any CPU
		Release|Any CPU = Release|Any CPU
	EndGlobalSection
	GlobalSection(ProjectConfigurationPlatforms) = postSolution
		{480E4053-BD34-4BEE-8197-C343276DF074}.Debug|Any CPU.ActiveCfg = Debug|Any CPU
		{480E4053-BD34-4BEE-8197-C343276DF074}.Debug|Any CPU.Build.0 = Debug|Any CPU
		{480E4053-BD34-4BEE-8197-C343276DF074}.Release|Any CPU.ActiveCfg = Release|Any CPU
		{480E4053-BD34-4BEE-8197-C343276DF074}.Release|Any CPU.Build.0 = Release|Any CPU
	EndGlobalSection
	GlobalSection(SolutionProperties) = preSolution
		HideSolutionNode = FALSE
	EndGlobalSection
	GlobalSection(ExtensibilityGlobals) = postSolution
		SolutionGuid = {DD8B06A4-121F-4108-8C3E-5224B48A7859}
	EndGlobalSection
EndGlobal
